{
  "name": "micro-web",
  "version": "1.0.0",
  "lockfileVersion": 2,
  "requires": true,
  "packages": {
    "": {
      "name": "micro-web",
      "version": "1.0.0",
      "license": "ISC",
      "dependencies": {
        "micro-web-npm": "^1.0.1"
      }
    },
    "node_modules/micro-web-npm": {
      "version": "1.0.1",
      "resolved": "https://registry.npmjs.org/micro-web-npm/-/micro-web-npm-1.0.1.tgz",
      "integrity": "sha512-nOS/OG79U6Y8C8GKJXWOT2ieo3+HBDp2ceUDoXfSzqqKCkJxxz9ULNvnQ1lBPxdBQj+yYJwvRiBn/VnGs82rOg=="
    }
  },
  "dependencies": {
    "micro-web-npm": {
      "version": "1.0.1",
      "resolved": "https://registry.npmjs.org/micro-web-npm/-/micro-web-npm-1.0.1.tgz",
      "integrity": "sha512-nOS/OG79U6Y8C8GKJXWOT2ieo3+HBDp2ceUDoXfSzqqKCkJxxz9ULNvnQ1lBPxdBQj+yYJwvRiBn/VnGs82rOg=="
    }
  }
}
